
Microsoft Visual Studio Solution File, Format Version 12.00
# Visual Studio Version 17
VisualStudioVersion = 17.13.35931.197 d17.13
MinimumVisualStudioVersion = 10.0.40219.1
Project("{FAE04EC0-301F-11D3-BF4B-00C04F79EFBC}") = "BAOCAO2", "BAOCAO2\BAOCAO2.csproj", "{21243266-FE7C-46AB-8FE0-83B97C8CABF8}"
EndProject
Global
	GlobalSection(SolutionConfigurationPlatforms) = preSolution
		Debug|Any CPU = Debug|Any CPU
		Release|Any CPU = Release|Any CPU
	EndGlobalSection
	GlobalSection(ProjectConfigurationPlatforms) = postSolution
		{21243266-FE7C-46AB-8FE0-83B97C8CABF8}.Debug|Any CPU.ActiveCfg = Debug|Any CPU
		{21243266-FE7C-46AB-8FE0-83B97C8CABF8}.Debug|Any CPU.Build.0 = Debug|Any CPU
		{21243266-FE7C-46AB-8FE0-83B97C8CABF8}.Release|Any CPU.ActiveCfg = Release|Any CPU
		{21243266-FE7C-46AB-8FE0-83B97C8CABF8}.Release|Any CPU.Build.0 = Release|Any CPU
	EndGlobalSection
	GlobalSection(SolutionProperties) = preSolution
		HideSolutionNode = FALSE
	EndGlobalSection
	GlobalSection(ExtensibilityGlobals) = postSolution
		SolutionGuid = {CF28197A-37AB-48BF-BF42-902786F6F447}
	EndGlobalSection
EndGlobal
